
Microsoft Visual Studio Solution File, Format Version 12.00
# Visual Studio Version 17
VisualStudioVersion = 17.14.37502.11 d17.14
MinimumVisualStudioVersion = 10.0.40219.1
Project("{FAE04EC0-301F-11D3-BF4B-00C04F79EFBC}") = "caso_semana7", "caso_semana7.csproj", "{BA628D8D-FAAD-4650-AA26-62084C05520B}"
EndProject
Global
	GlobalSection(SolutionConfigurationPlatforms) = preSolution
		Debug|Any CPU = Debug|Any CPU
		Release|Any CPU = Release|Any CPU
	EndGlobalSection
	GlobalSection(ProjectConfigurationPlatforms) = postSolution
		{BA628D8D-FAAD-4650-AA26-62084C05520B}.Debug|Any CPU.ActiveCfg = Debug|Any CPU
		{BA628D8D-FAAD-4650-AA26-62084C05520B}.Debug|Any CPU.Build.0 = Debug|Any CPU
		{BA628D8D-FAAD-4650-AA26-62084C05520B}.Release|Any CPU.ActiveCfg = Release|Any CPU
		{BA628D8D-FAAD-4650-AA26-62084C05520B}.Release|Any CPU.Build.0 = Release|Any CPU
	EndGlobalSection
	GlobalSection(SolutionProperties) = preSolution
		HideSolutionNode = FALSE
	EndGlobalSection
	GlobalSection(ExtensibilityGlobals) = postSolution
		SolutionGuid = {B79B6AB3-5F2E-4CCA-A0EC-4BE890117E1D}
	EndGlobalSection
EndGlobal
